
Microsoft Visual Studio Solution File, Format Version 12.00
Project("{2150E333-8FDC-42A3-9474-1A3956D46DE8}") = "0_SolutionItems", "0_SolutionItems", "{46083A70-C4FD-42D6-9CD8-ED3AAB8AF78C}"
	ProjectSection(SolutionItems) = preProject
		.gitignore = .gitignore
		commands.md = commands.md
		Directory.Build.props = Directory.Build.props
		docker-compose.yml = docker-compose.yml
		.dockerignore = .dockerignore
		Dockerfile = Dockerfile
		docker-compose-tests.yml = docker-compose-tests.yml
		wait-for-it.sh = wait-for-it.sh
	EndProjectSection
EndProject
Project("{FAE04EC0-301F-11D3-BF4B-00C04F79EFBC}") = "RecipeApp.Infrastructure", "RecipeApp.Infrastructure\RecipeApp.Infrastructure.csproj", "{BACC225E-A9CC-4B60-B1E9-9C8B80A1CB2D}"
EndProject
Project("{FAE04EC0-301F-11D3-BF4B-00C04F79EFBC}") = "RecipeApp.Web", "RecipeApp.Web\RecipeApp.Web.csproj", "{18751B3A-C5EE-49B3-BA94-631C5F3B54DC}"
EndProject
Project("{FAE04EC0-301F-11D3-BF4B-00C04F79EFBC}") = "RecipeApp.Resources", "RecipeApp.Resources\RecipeApp.Resources.csproj", "{8608AF57-24F7-44EC-9B1D-C57BA219E484}"
EndProject
Project("{FAE04EC0-301F-11D3-BF4B-00C04F79EFBC}") = "RecipeApp.Base", "RecipeApp.Base\RecipeApp.Base.csproj", "{0EFCBADC-287A-410D-B1D8-DF7AA7622F49}"
EndProject
Project("{FAE04EC0-301F-11D3-BF4B-00C04F79EFBC}") = "RecipeApp.Application", "RecipeApp.Application\RecipeApp.Application.csproj", "{21EF7544-AA8E-4E4B-A7B5-A2C86A289DE5}"
EndProject
Project("{FAE04EC0-301F-11D3-BF4B-00C04F79EFBC}") = "RecipeApp.Test", "RecipeApp.Test\RecipeApp.Test.csproj", "{FF7289D9-1FBE-49A9-9D05-F2D0EA5CB8F6}"
EndProject
Global
	GlobalSection(SolutionConfigurationPlatforms) = preSolution
		Debug|Any CPU = Debug|Any CPU
		Release|Any CPU = Release|Any CPU
	EndGlobalSection
	GlobalSection(ProjectConfigurationPlatforms) = postSolution
		{BACC225E-A9CC-4B60-B1E9-9C8B80A1CB2D}.Debug|Any CPU.ActiveCfg = Debug|Any CPU
		{BACC225E-A9CC-4B60-B1E9-9C8B80A1CB2D}.Debug|Any CPU.Build.0 = Debug|Any CPU
		{BACC225E-A9CC-4B60-B1E9-9C8B80A1CB2D}.Release|Any CPU.ActiveCfg = Release|Any CPU
		{BACC225E-A9CC-4B60-B1E9-9C8B80A1CB2D}.Release|Any CPU.Build.0 = Release|Any CPU
		{18751B3A-C5EE-49B3-BA94-631C5F3B54DC}.Debug|Any CPU.ActiveCfg = Debug|Any CPU
		{18751B3A-C5EE-49B3-BA94-631C5F3B54DC}.Debug|Any CPU.Build.0 = Debug|Any CPU
		{18751B3A-C5EE-49B3-BA94-631C5F3B54DC}.Release|Any CPU.ActiveCfg = Release|Any CPU
		{18751B3A-C5EE-49B3-BA94-631C5F3B54DC}.Release|Any CPU.Build.0 = Release|Any CPU
		{8608AF57-24F7-44EC-9B1D-C57BA219E484}.Debug|Any CPU.ActiveCfg = Debug|Any CPU
		{8608AF57-24F7-44EC-9B1D-C57BA219E484}.Debug|Any CPU.Build.0 = Debug|Any CPU
		{8608AF57-24F7-44EC-9B1D-C57BA219E484}.Release|Any CPU.ActiveCfg = Release|Any CPU
		{8608AF57-24F7-44EC-9B1D-C57BA219E484}.Release|Any CPU.Build.0 = Release|Any CPU
		{0EFCBADC-287A-410D-B1D8-DF7AA7622F49}.Debug|Any CPU.ActiveCfg = Debug|Any CPU
		{0EFCBADC-287A-410D-B1D8-DF7AA7622F49}.Debug|Any CPU.Build.0 = Debug|Any CPU
		{0EFCBADC-287A-410D-B1D8-DF7AA7622F49}.Release|Any CPU.ActiveCfg = Release|Any CPU
		{0EFCBADC-287A-410D-B1D8-DF7AA7622F49}.Release|Any CPU.Build.0 = Release|Any CPU
		{21EF7544-AA8E-4E4B-A7B5-A2C86A289DE5}.Debug|Any CPU.ActiveCfg = Debug|Any CPU
		{21EF7544-AA8E-4E4B-A7B5-A2C86A289DE5}.Debug|Any CPU.Build.0 = Debug|Any CPU
		{21EF7544-AA8E-4E4B-A7B5-A2C86A289DE5}.Release|Any CPU.ActiveCfg = Release|Any CPU
		{21EF7544-AA8E-4E4B-A7B5-A2C86A289DE5}.Release|Any CPU.Build.0 = Release|Any CPU
		{FF7289D9-1FBE-49A9-9D05-F2D0EA5CB8F6}.Debug|Any CPU.ActiveCfg = Debug|Any CPU
		{FF7289D9-1FBE-49A9-9D05-F2D0EA5CB8F6}.Debug|Any CPU.Build.0 = Debug|Any CPU
		{FF7289D9-1FBE-49A9-9D05-F2D0EA5CB8F6}.Release|Any CPU.ActiveCfg = Release|Any CPU
		{FF7289D9-1FBE-49A9-9D05-F2D0EA5CB8F6}.Release|Any CPU.Build.0 = Release|Any CPU
	EndGlobalSection
	GlobalSection(NestedProjects) = preSolution
	EndGlobalSection
EndGlobal
