
Microsoft Visual Studio Solution File, Format Version 12.00
Project("{2150E333-8FDC-42A3-9474-1A3956D46DE8}") = "0_SolutionItems", "0_SolutionItems", "{46083A70-C4FD-42D6-9CD8-ED3AAB8AF78C}"
	ProjectSection(SolutionItems) = preProject
		.gitignore = .gitignore
		commands.md = commands.md
		Directory.Build.props = Directory.Build.props
		docker-compose.yml = docker-compose.yml
		..\README.md = ..\README.md
	EndProjectSection
EndProject
Project("{2150E333-8FDC-42A3-9474-1A3956D46DE8}") = "1_App", "1_App", "{F941707C-1BEC-4997-949E-B96B544942E4}"
EndProject
Project("{2150E333-8FDC-42A3-9474-1A3956D46DE8}") = "2_Base", "2_Base", "{7B45F1E1-7D5A-441C-9ADF-D76DEA789F2E}"
EndProject
Project("{FAE04EC0-301F-11D3-BF4B-00C04F79EFBC}") = "Base.Domain", "Base.Domain\Base.Domain.csproj", "{B60B79E1-9ED8-4D04-9135-0F981CFD8E04}"
EndProject
Project("{FAE04EC0-301F-11D3-BF4B-00C04F79EFBC}") = "Base.Contracts.Domain", "Base.Contracts.Domain\Base.Contracts.Domain.csproj", "{AD0BFEEE-85BD-4163-9D6A-05E42B698CEC}"
EndProject
Project("{FAE04EC0-301F-11D3-BF4B-00C04F79EFBC}") = "Base.Contracts.DAL", "Base.Contracts.DAL\Base.Contracts.DAL.csproj", "{43E2F817-C20C-453E-801E-7056FD3C1837}"
EndProject
Project("{FAE04EC0-301F-11D3-BF4B-00C04F79EFBC}") = "Base.DAL.EF", "Base.DAL.EF\Base.DAL.EF.csproj", "{8FBC4EEB-8539-4FC0-BFDB-3D51EC9D1DEF}"
EndProject
Project("{FAE04EC0-301F-11D3-BF4B-00C04F79EFBC}") = "App.Domain", "App.Domain\App.Domain.csproj", "{94C5048F-89EF-4875-BE47-6DAB2D038A9D}"
EndProject
Project("{FAE04EC0-301F-11D3-BF4B-00C04F79EFBC}") = "App.DAL.EF", "App.DAL.EF\App.DAL.EF.csproj", "{BACC225E-A9CC-4B60-B1E9-9C8B80A1CB2D}"
EndProject
Project("{FAE04EC0-301F-11D3-BF4B-00C04F79EFBC}") = "RecipeApp", "RecipeApp\RecipeApp.csproj", "{18751B3A-C5EE-49B3-BA94-631C5F3B54DC}"
EndProject
Project("{FAE04EC0-301F-11D3-BF4B-00C04F79EFBC}") = "App.Contracts.DAL", "App.Contracts.DAL\App.Contracts.DAL.csproj", "{0BA752B0-F0C0-491B-AA14-E99615FCD21E}"
EndProject
Project("{FAE04EC0-301F-11D3-BF4B-00C04F79EFBC}") = "Helpers", "Helpers\Helpers.csproj", "{D11F5D5B-470B-40FB-8671-53B555D45A88}"
EndProject
Project("{FAE04EC0-301F-11D3-BF4B-00C04F79EFBC}") = "App.DTO", "App.DTO\App.DTO.csproj", "{6ECFFF2E-1344-4148-B9A8-7D81C006351E}"
EndProject
Project("{FAE04EC0-301F-11D3-BF4B-00C04F79EFBC}") = "Base.Resources", "Base.Resources\Base.Resources.csproj", "{8CE9D2F3-B9BD-4C0D-A5FA-36185E89A531}"
EndProject
Project("{FAE04EC0-301F-11D3-BF4B-00C04F79EFBC}") = "App.Resources", "App.Resources\App.Resources.csproj", "{8608AF57-24F7-44EC-9B1D-C57BA219E484}"
EndProject
Project("{FAE04EC0-301F-11D3-BF4B-00C04F79EFBC}") = "App.DAL.DTO", "App.DAL.DTO\App.DAL.DTO.csproj", "{8E1C31CC-30DC-4BD9-8716-F9EF7AA1924B}"
EndProject
Project("{FAE04EC0-301F-11D3-BF4B-00C04F79EFBC}") = "Base.Contracts.BLL", "Base.Contracts.BLL\Base.Contracts.BLL.csproj", "{0D71843E-57F8-4FAE-8FF8-391ADC7ECC99}"
EndProject
Project("{FAE04EC0-301F-11D3-BF4B-00C04F79EFBC}") = "Base.BLL", "Base.BLL\Base.BLL.csproj", "{0EFCBADC-287A-410D-B1D8-DF7AA7622F49}"
EndProject
Project("{FAE04EC0-301F-11D3-BF4B-00C04F79EFBC}") = "App.BLL.DTO", "App.BLL.DTO\App.BLL.DTO.csproj", "{C9EBE714-9636-4A2B-BD3B-8CCA9EAB3C5A}"
EndProject
Project("{2150E333-8FDC-42A3-9474-1A3956D46DE8}") = "1_Contracts", "1_Contracts", "{545384E5-726B-4302-89AF-2BFCC5A6CD54}"
EndProject
Project("{2150E333-8FDC-42A3-9474-1A3956D46DE8}") = "1_Contracts", "1_Contracts", "{8CFD8A7A-604D-4EDA-BE65-97F875039158}"
EndProject
Project("{2150E333-8FDC-42A3-9474-1A3956D46DE8}") = "0_Implementations", "0_Implementations", "{4349F6B8-4539-4CCC-8C4E-6C0F4D53BF74}"
EndProject
Project("{FAE04EC0-301F-11D3-BF4B-00C04F79EFBC}") = "App.Contracts.BLL", "App.Contracts.BLL\App.Contracts.BLL.csproj", "{633BF326-422E-43D2-B238-3792F984A6CD}"
EndProject
Project("{FAE04EC0-301F-11D3-BF4B-00C04F79EFBC}") = "App.BLL", "App.BLL\App.BLL.csproj", "{21EF7544-AA8E-4E4B-A7B5-A2C86A289DE5}"
EndProject
Global
	GlobalSection(SolutionConfigurationPlatforms) = preSolution
		Debug|Any CPU = Debug|Any CPU
		Release|Any CPU = Release|Any CPU
	EndGlobalSection
	GlobalSection(ProjectConfigurationPlatforms) = postSolution
		{B60B79E1-9ED8-4D04-9135-0F981CFD8E04}.Debug|Any CPU.ActiveCfg = Debug|Any CPU
		{B60B79E1-9ED8-4D04-9135-0F981CFD8E04}.Debug|Any CPU.Build.0 = Debug|Any CPU
		{B60B79E1-9ED8-4D04-9135-0F981CFD8E04}.Release|Any CPU.ActiveCfg = Release|Any CPU
		{B60B79E1-9ED8-4D04-9135-0F981CFD8E04}.Release|Any CPU.Build.0 = Release|Any CPU
		{AD0BFEEE-85BD-4163-9D6A-05E42B698CEC}.Debug|Any CPU.ActiveCfg = Debug|Any CPU
		{AD0BFEEE-85BD-4163-9D6A-05E42B698CEC}.Debug|Any CPU.Build.0 = Debug|Any CPU
		{AD0BFEEE-85BD-4163-9D6A-05E42B698CEC}.Release|Any CPU.ActiveCfg = Release|Any CPU
		{AD0BFEEE-85BD-4163-9D6A-05E42B698CEC}.Release|Any CPU.Build.0 = Release|Any CPU
		{43E2F817-C20C-453E-801E-7056FD3C1837}.Debug|Any CPU.ActiveCfg = Debug|Any CPU
		{43E2F817-C20C-453E-801E-7056FD3C1837}.Debug|Any CPU.Build.0 = Debug|Any CPU
		{43E2F817-C20C-453E-801E-7056FD3C1837}.Release|Any CPU.ActiveCfg = Release|Any CPU
		{43E2F817-C20C-453E-801E-7056FD3C1837}.Release|Any CPU.Build.0 = Release|Any CPU
		{8FBC4EEB-8539-4FC0-BFDB-3D51EC9D1DEF}.Debug|Any CPU.ActiveCfg = Debug|Any CPU
		{8FBC4EEB-8539-4FC0-BFDB-3D51EC9D1DEF}.Debug|Any CPU.Build.0 = Debug|Any CPU
		{8FBC4EEB-8539-4FC0-BFDB-3D51EC9D1DEF}.Release|Any CPU.ActiveCfg = Release|Any CPU
		{8FBC4EEB-8539-4FC0-BFDB-3D51EC9D1DEF}.Release|Any CPU.Build.0 = Release|Any CPU
		{94C5048F-89EF-4875-BE47-6DAB2D038A9D}.Debug|Any CPU.ActiveCfg = Debug|Any CPU
		{94C5048F-89EF-4875-BE47-6DAB2D038A9D}.Debug|Any CPU.Build.0 = Debug|Any CPU
		{94C5048F-89EF-4875-BE47-6DAB2D038A9D}.Release|Any CPU.ActiveCfg = Release|Any CPU
		{94C5048F-89EF-4875-BE47-6DAB2D038A9D}.Release|Any CPU.Build.0 = Release|Any CPU
		{BACC225E-A9CC-4B60-B1E9-9C8B80A1CB2D}.Debug|Any CPU.ActiveCfg = Debug|Any CPU
		{BACC225E-A9CC-4B60-B1E9-9C8B80A1CB2D}.Debug|Any CPU.Build.0 = Debug|Any CPU
		{BACC225E-A9CC-4B60-B1E9-9C8B80A1CB2D}.Release|Any CPU.ActiveCfg = Release|Any CPU
		{BACC225E-A9CC-4B60-B1E9-9C8B80A1CB2D}.Release|Any CPU.Build.0 = Release|Any CPU
		{18751B3A-C5EE-49B3-BA94-631C5F3B54DC}.Debug|Any CPU.ActiveCfg = Debug|Any CPU
		{18751B3A-C5EE-49B3-BA94-631C5F3B54DC}.Debug|Any CPU.Build.0 = Debug|Any CPU
		{18751B3A-C5EE-49B3-BA94-631C5F3B54DC}.Release|Any CPU.ActiveCfg = Release|Any CPU
		{18751B3A-C5EE-49B3-BA94-631C5F3B54DC}.Release|Any CPU.Build.0 = Release|Any CPU
		{0BA752B0-F0C0-491B-AA14-E99615FCD21E}.Debug|Any CPU.ActiveCfg = Debug|Any CPU
		{0BA752B0-F0C0-491B-AA14-E99615FCD21E}.Debug|Any CPU.Build.0 = Debug|Any CPU
		{0BA752B0-F0C0-491B-AA14-E99615FCD21E}.Release|Any CPU.ActiveCfg = Release|Any CPU
		{0BA752B0-F0C0-491B-AA14-E99615FCD21E}.Release|Any CPU.Build.0 = Release|Any CPU
		{D11F5D5B-470B-40FB-8671-53B555D45A88}.Debug|Any CPU.ActiveCfg = Debug|Any CPU
		{D11F5D5B-470B-40FB-8671-53B555D45A88}.Debug|Any CPU.Build.0 = Debug|Any CPU
		{D11F5D5B-470B-40FB-8671-53B555D45A88}.Release|Any CPU.ActiveCfg = Release|Any CPU
		{D11F5D5B-470B-40FB-8671-53B555D45A88}.Release|Any CPU.Build.0 = Release|Any CPU
		{6ECFFF2E-1344-4148-B9A8-7D81C006351E}.Debug|Any CPU.ActiveCfg = Debug|Any CPU
		{6ECFFF2E-1344-4148-B9A8-7D81C006351E}.Debug|Any CPU.Build.0 = Debug|Any CPU
		{6ECFFF2E-1344-4148-B9A8-7D81C006351E}.Release|Any CPU.ActiveCfg = Release|Any CPU
		{6ECFFF2E-1344-4148-B9A8-7D81C006351E}.Release|Any CPU.Build.0 = Release|Any CPU
		{8CE9D2F3-B9BD-4C0D-A5FA-36185E89A531}.Debug|Any CPU.ActiveCfg = Debug|Any CPU
		{8CE9D2F3-B9BD-4C0D-A5FA-36185E89A531}.Debug|Any CPU.Build.0 = Debug|Any CPU
		{8CE9D2F3-B9BD-4C0D-A5FA-36185E89A531}.Release|Any CPU.ActiveCfg = Release|Any CPU
		{8CE9D2F3-B9BD-4C0D-A5FA-36185E89A531}.Release|Any CPU.Build.0 = Release|Any CPU
		{8608AF57-24F7-44EC-9B1D-C57BA219E484}.Debug|Any CPU.ActiveCfg = Debug|Any CPU
		{8608AF57-24F7-44EC-9B1D-C57BA219E484}.Debug|Any CPU.Build.0 = Debug|Any CPU
		{8608AF57-24F7-44EC-9B1D-C57BA219E484}.Release|Any CPU.ActiveCfg = Release|Any CPU
		{8608AF57-24F7-44EC-9B1D-C57BA219E484}.Release|Any CPU.Build.0 = Release|Any CPU
		{8E1C31CC-30DC-4BD9-8716-F9EF7AA1924B}.Debug|Any CPU.ActiveCfg = Debug|Any CPU
		{8E1C31CC-30DC-4BD9-8716-F9EF7AA1924B}.Debug|Any CPU.Build.0 = Debug|Any CPU
		{8E1C31CC-30DC-4BD9-8716-F9EF7AA1924B}.Release|Any CPU.ActiveCfg = Release|Any CPU
		{8E1C31CC-30DC-4BD9-8716-F9EF7AA1924B}.Release|Any CPU.Build.0 = Release|Any CPU
		{0D71843E-57F8-4FAE-8FF8-391ADC7ECC99}.Debug|Any CPU.ActiveCfg = Debug|Any CPU
		{0D71843E-57F8-4FAE-8FF8-391ADC7ECC99}.Debug|Any CPU.Build.0 = Debug|Any CPU
		{0D71843E-57F8-4FAE-8FF8-391ADC7ECC99}.Release|Any CPU.ActiveCfg = Release|Any CPU
		{0D71843E-57F8-4FAE-8FF8-391ADC7ECC99}.Release|Any CPU.Build.0 = Release|Any CPU
		{0EFCBADC-287A-410D-B1D8-DF7AA7622F49}.Debug|Any CPU.ActiveCfg = Debug|Any CPU
		{0EFCBADC-287A-410D-B1D8-DF7AA7622F49}.Debug|Any CPU.Build.0 = Debug|Any CPU
		{0EFCBADC-287A-410D-B1D8-DF7AA7622F49}.Release|Any CPU.ActiveCfg = Release|Any CPU
		{0EFCBADC-287A-410D-B1D8-DF7AA7622F49}.Release|Any CPU.Build.0 = Release|Any CPU
		{C9EBE714-9636-4A2B-BD3B-8CCA9EAB3C5A}.Debug|Any CPU.ActiveCfg = Debug|Any CPU
		{C9EBE714-9636-4A2B-BD3B-8CCA9EAB3C5A}.Debug|Any CPU.Build.0 = Debug|Any CPU
		{C9EBE714-9636-4A2B-BD3B-8CCA9EAB3C5A}.Release|Any CPU.ActiveCfg = Release|Any CPU
		{C9EBE714-9636-4A2B-BD3B-8CCA9EAB3C5A}.Release|Any CPU.Build.0 = Release|Any CPU
		{633BF326-422E-43D2-B238-3792F984A6CD}.Debug|Any CPU.ActiveCfg = Debug|Any CPU
		{633BF326-422E-43D2-B238-3792F984A6CD}.Debug|Any CPU.Build.0 = Debug|Any CPU
		{633BF326-422E-43D2-B238-3792F984A6CD}.Release|Any CPU.ActiveCfg = Release|Any CPU
		{633BF326-422E-43D2-B238-3792F984A6CD}.Release|Any CPU.Build.0 = Release|Any CPU
		{21EF7544-AA8E-4E4B-A7B5-A2C86A289DE5}.Debug|Any CPU.ActiveCfg = Debug|Any CPU
		{21EF7544-AA8E-4E4B-A7B5-A2C86A289DE5}.Debug|Any CPU.Build.0 = Debug|Any CPU
		{21EF7544-AA8E-4E4B-A7B5-A2C86A289DE5}.Release|Any CPU.ActiveCfg = Release|Any CPU
		{21EF7544-AA8E-4E4B-A7B5-A2C86A289DE5}.Release|Any CPU.Build.0 = Release|Any CPU
	EndGlobalSection
	GlobalSection(NestedProjects) = preSolution
		{94C5048F-89EF-4875-BE47-6DAB2D038A9D} = {F941707C-1BEC-4997-949E-B96B544942E4}
		{BACC225E-A9CC-4B60-B1E9-9C8B80A1CB2D} = {F941707C-1BEC-4997-949E-B96B544942E4}
		{18751B3A-C5EE-49B3-BA94-631C5F3B54DC} = {F941707C-1BEC-4997-949E-B96B544942E4}
		{0BA752B0-F0C0-491B-AA14-E99615FCD21E} = {F941707C-1BEC-4997-949E-B96B544942E4}
		{D11F5D5B-470B-40FB-8671-53B555D45A88} = {7B45F1E1-7D5A-441C-9ADF-D76DEA789F2E}
		{6ECFFF2E-1344-4148-B9A8-7D81C006351E} = {F941707C-1BEC-4997-949E-B96B544942E4}
		{8608AF57-24F7-44EC-9B1D-C57BA219E484} = {F941707C-1BEC-4997-949E-B96B544942E4}
		{8E1C31CC-30DC-4BD9-8716-F9EF7AA1924B} = {F941707C-1BEC-4997-949E-B96B544942E4}
		{C9EBE714-9636-4A2B-BD3B-8CCA9EAB3C5A} = {F941707C-1BEC-4997-949E-B96B544942E4}
		{545384E5-726B-4302-89AF-2BFCC5A6CD54} = {F941707C-1BEC-4997-949E-B96B544942E4}
		{8CFD8A7A-604D-4EDA-BE65-97F875039158} = {7B45F1E1-7D5A-441C-9ADF-D76DEA789F2E}
		{4349F6B8-4539-4CCC-8C4E-6C0F4D53BF74} = {7B45F1E1-7D5A-441C-9ADF-D76DEA789F2E}
		{AD0BFEEE-85BD-4163-9D6A-05E42B698CEC} = {8CFD8A7A-604D-4EDA-BE65-97F875039158}
		{43E2F817-C20C-453E-801E-7056FD3C1837} = {8CFD8A7A-604D-4EDA-BE65-97F875039158}
		{0D71843E-57F8-4FAE-8FF8-391ADC7ECC99} = {8CFD8A7A-604D-4EDA-BE65-97F875039158}
		{0EFCBADC-287A-410D-B1D8-DF7AA7622F49} = {4349F6B8-4539-4CCC-8C4E-6C0F4D53BF74}
		{8FBC4EEB-8539-4FC0-BFDB-3D51EC9D1DEF} = {4349F6B8-4539-4CCC-8C4E-6C0F4D53BF74}
		{B60B79E1-9ED8-4D04-9135-0F981CFD8E04} = {4349F6B8-4539-4CCC-8C4E-6C0F4D53BF74}
		{8CE9D2F3-B9BD-4C0D-A5FA-36185E89A531} = {4349F6B8-4539-4CCC-8C4E-6C0F4D53BF74}
		{633BF326-422E-43D2-B238-3792F984A6CD} = {F941707C-1BEC-4997-949E-B96B544942E4}
		{21EF7544-AA8E-4E4B-A7B5-A2C86A289DE5} = {F941707C-1BEC-4997-949E-B96B544942E4}
	EndGlobalSection
EndGlobal
